// !$*UTF8*$!
{
	archiveVersion = 1;
	classes = {
	};
	objectVersion = 46;
	objects = {

/* Begin PBXBuildFile section */
		DEE8A8411CB13BD6009E6AC1 /* AppDelegate.swift in Sources */ = {isa = PBXBuildFile; fileRef = DEE8A8401CB13BD6009E6AC1 /* AppDelegate.swift */; };
		DEE8A8431CB13BD6009E6AC1 /* ViewController.swift in Sources */ = {isa = PBXBuildFile; fileRef = DEE8A8421CB13BD6009E6AC1 /* ViewController.swift */; };
		DEE8A8461CB13BD6009E6AC1 /* Main.storyboard in Resources */ = {isa = PBXBuildFile; fileRef = DEE8A8441CB13BD6009E6AC1 /* Main.storyboard */; };
		DEE8A8481CB13BD6009E6AC1 /* Assets.xcassets in Resources */ = {isa = PBXBuildFile; fileRef = DEE8A8471CB13BD6009E6AC1 /* Assets.xcassets */; };
		DEE8A84B1CB13BD6009E6AC1 /* LaunchScreen.storyboard in Resources */ = {isa = PBXBuildFile; fileRef = DEE8A8491CB13BD6009E6AC1 /* LaunchScreen.storyboard */; };
		DEE8A8561CB13BD7009E6AC1 /* ContainerViewSampleTests.swift in Sources */ = {isa = PBXBuildFile; fileRef = DEE8A8551CB13BD7009E6AC1 /* ContainerViewSampleTests.swift */; };
		DEE8A8611CB13BD7009E6AC1 /* ContainerViewSampleUITests.swift in Sources */ = {isa = PBXBuildFile; fileRef = DEE8A8601CB13BD7009E6AC1 /* ContainerViewSampleUITests.swift */; };
		DEE8A8711CB29532009E6AC1 /* SidebarController.swift in Sources */ = {isa = PBXBuildFile; fileRef = DEE8A8701CB29532009E6AC1 /* SidebarController.swift */; };
		DEE8A8731CB2956E009E6AC1 /* BaseContentsController.swift in Sources */ = {isa = PBXBuildFile; fileRef = DEE8A8721CB2956E009E6AC1 /* BaseContentsController.swift */; };
		DEE8A8751CB295BC009E6AC1 /* FirstContentsController.swift in Sources */ = {isa = PBXBuildFile; fileRef = DEE8A8741CB295BC009E6AC1 /* FirstContentsController.swift */; };
		DEE8A8771CB295D5009E6AC1 /* SecondContentsController.swift in Sources */ = {isa = PBXBuildFile; fileRef = DEE8A8761CB295D5009E6AC1 /* SecondContentsController.swift */; };
		DEE8A8791CB295EB009E6AC1 /* ThirdContentsController.swift in Sources */ = {isa = PBXBuildFile; fileRef = DEE8A8781CB295EB009E6AC1 /* ThirdContentsController.swift */; };
		DEE8A87C1CB29607009E6AC1 /* FourthContentsController.swift in Sources */ = {isa = PBXBuildFile; fileRef = DEE8A87B1CB29607009E6AC1 /* FourthContentsController.swift */; };
		DEE8A87E1CB2962C009E6AC1 /* FifthContentsController.swift in Sources */ = {isa = PBXBuildFile; fileRef = DEE8A87D1CB2962C009E6AC1 /* FifthContentsController.swift */; };
		DEE8A8801CB2963C009E6AC1 /* SixthContentsController.swift in Sources */ = {isa = PBXBuildFile; fileRef = DEE8A87F1CB2963C009E6AC1 /* SixthContentsController.swift */; };
/* End PBXBuildFile section */

/* Begin PBXContainerItemProxy section */
		DEE8A8521CB13BD7009E6AC1 /* PBXContainerItemProxy */ = {
			isa = PBXContainerItemProxy;
			containerPortal = DEE8A8351CB13BD6009E6AC1 /* Project object */;
			proxyType = 1;
			remoteGlobalIDString = DEE8A83C1CB13BD6009E6AC1;
			remoteInfo = ContainerViewSample;
		};
		DEE8A85D1CB13BD7009E6AC1 /* PBXContainerItemProxy */ = {
			isa = PBXContainerItemProxy;
			containerPortal = DEE8A8351CB13BD6009E6AC1 /* Project object */;
			proxyType = 1;
			remoteGlobalIDString = DEE8A83C1CB13BD6009E6AC1;
			remoteInfo = ContainerViewSample;
		};
/* End PBXContainerItemProxy section */

/* Begin PBXFileReference section */
		DEE8A83D1CB13BD6009E6AC1 /* ContainerViewSample.app */ = {isa = PBXFileReference; explicitFileType = wrapper.application; includeInIndex = 0; path = ContainerViewSample.app; sourceTree = BUILT_PRODUCTS_DIR; };
		DEE8A8401CB13BD6009E6AC1 /* AppDelegate.swift */ = {isa = PBXFileReference; lastKnownFileType = sourcecode.swift; path = AppDelegate.swift; sourceTree = "<group>"; };
		DEE8A8421CB13BD6009E6AC1 /* ViewController.swift */ = {isa = PBXFileReference; lastKnownFileType = sourcecode.swift; path = ViewController.swift; sourceTree = "<group>"; };
		DEE8A8451CB13BD6009E6AC1 /* Base */ = {isa = PBXFileReference; lastKnownFileType = file.storyboard; name = Base; path = Base.lproj/Main.storyboard; sourceTree = "<group>"; };
		DEE8A8471CB13BD6009E6AC1 /* Assets.xcassets */ = {isa = PBXFileReference; lastKnownFileType = folder.assetcatalog; path = Assets.xcassets; sourceTree = "<group>"; };
		DEE8A84A1CB13BD6009E6AC1 /* Base */ = {isa = PBXFileReference; lastKnownFileType = file.storyboard; name = Base; path = Base.lproj/LaunchScreen.storyboard; sourceTree = "<group>"; };
		DEE8A84C1CB13BD6009E6AC1 /* Info.plist */ = {isa = PBXFileReference; lastKnownFileType = text.plist.xml; path = Info.plist; sourceTree = "<group>"; };
		DEE8A8511CB13BD7009E6AC1 /* ContainerViewSampleTests.xctest */ = {isa = PBXFileReference; explicitFileType = wrapper.cfbundle; includeInIndex = 0; path = ContainerViewSampleTests.xctest; sourceTree = BUILT_PRODUCTS_DIR; };
		DEE8A8551CB13BD7009E6AC1 /* ContainerViewSampleTests.swift */ = {isa = PBXFileReference; lastKnownFileType = sourcecode.swift; path = ContainerViewSampleTests.swift; sourceTree = "<group>"; };
		DEE8A8571CB13BD7009E6AC1 /* Info.plist */ = {isa = PBXFileReference; lastKnownFileType = text.plist.xml; path = Info.plist; sourceTree = "<group>"; };
		DEE8A85C1CB13BD7009E6AC1 /* ContainerViewSampleUITests.xctest */ = {isa = PBXFileReference; explicitFileType = wrapper.cfbundle; includeInIndex = 0; path = ContainerViewSampleUITests.xctest; sourceTree = BUILT_PRODUCTS_DIR; };
		DEE8A8601CB13BD7009E6AC1 /* ContainerViewSampleUITests.swift */ = {isa = PBXFileReference; lastKnownFileType = sourcecode.swift; path = ContainerViewSampleUITests.swift; sourceTree = "<group>"; };
		DEE8A8621CB13BD7009E6AC1 /* Info.plist */ = {isa = PBXFileReference; lastKnownFileType = text.plist.xml; path = Info.plist; sourceTree = "<group>"; };
		DEE8A8701CB29532009E6AC1 /* SidebarController.swift */ = {isa = PBXFileReference; fileEncoding = 4; lastKnownFileType = sourcecode.swift; path = SidebarController.swift; sourceTree = "<group>"; };
		DEE8A8721CB2956E009E6AC1 /* BaseContentsController.swift */ = {isa = PBXFileReference; fileEncoding = 4; lastKnownFileType = sourcecode.swift; path = BaseContentsController.swift; sourceTree = "<group>"; };
		DEE8A8741CB295BC009E6AC1 /* FirstContentsController.swift */ = {isa = PBXFileReference; fileEncoding = 4; lastKnownFileType = sourcecode.swift; path = FirstContentsController.swift; sourceTree = "<group>"; };
		DEE8A8761CB295D5009E6AC1 /* SecondContentsController.swift */ = {isa = PBXFileReference; fileEncoding = 4; lastKnownFileType = sourcecode.swift; path = SecondContentsController.swift; sourceTree = "<group>"; };
		DEE8A8781CB295EB009E6AC1 /* ThirdContentsController.swift */ = {isa = PBXFileReference; fileEncoding = 4; lastKnownFileType = sourcecode.swift; path = ThirdContentsController.swift; sourceTree = "<group>"; };
		DEE8A87B1CB29607009E6AC1 /* FourthContentsController.swift */ = {isa = PBXFileReference; fileEncoding = 4; lastKnownFileType = sourcecode.swift; path = FourthContentsController.swift; sourceTree = "<group>"; };
		DEE8A87D1CB2962C009E6AC1 /* FifthContentsController.swift */ = {isa = PBXFileReference; fileEncoding = 4; lastKnownFileType = sourcecode.swift; path = FifthContentsController.swift; sourceTree = "<group>"; };
		DEE8A87F1CB2963C009E6AC1 /* SixthContentsController.swift */ = {isa = PBXFileReference; fileEncoding = 4; lastKnownFileType = sourcecode.swift; path = SixthContentsController.swift; sourceTree = "<group>"; };
/* End PBXFileReference section */

/* Begin PBXFrameworksBuildPhase section */
		DEE8A83A1CB13BD6009E6AC1 /* Frameworks */ = {
			isa = PBXFrameworksBuildPhase;
			buildActionMask = 2147483647;
			files = (
			);
			runOnlyForDeploymentPostprocessing = 0;
		};
		DEE8A84E1CB13BD7009E6AC1 /* Frameworks */ = {
			isa = PBXFrameworksBuildPhase;
			buildActionMask = 2147483647;
			files = (
			);
			runOnlyForDeploymentPostprocessing = 0;
		};
		DEE8A8591CB13BD7009E6AC1 /* Frameworks */ = {
			isa = PBXFrameworksBuildPhase;
			buildActionMask = 2147483647;
			files = (
			);
			runOnlyForDeploymentPostprocessing = 0;
		};
/* End PBXFrameworksBuildPhase section */

/* Begin PBXGroup section */
		DEE8A8341CB13BD6009E6AC1 = {
			isa = PBXGroup;
			children = (
				DEE8A83F1CB13BD6009E6AC1 /* ContainerViewSample */,
				DEE8A8541CB13BD7009E6AC1 /* ContainerViewSampleTests */,
				DEE8A85F1CB13BD7009E6AC1 /* ContainerViewSampleUITests */,
				DEE8A83E1CB13BD6009E6AC1 /* Products */,
			);
			sourceTree = "<group>";
		};
		DEE8A83E1CB13BD6009E6AC1 /* Products */ = {
			isa = PBXGroup;
			children = (
				DEE8A83D1CB13BD6009E6AC1 /* ContainerViewSample.app */,
				DEE8A8511CB13BD7009E6AC1 /* ContainerViewSampleTests.xctest */,
				DEE8A85C1CB13BD7009E6AC1 /* ContainerViewSampleUITests.xctest */,
			);
			name = Products;
			sourceTree = "<group>";
		};
		DEE8A83F1CB13BD6009E6AC1 /* ContainerViewSample */ = {
			isa = PBXGroup;
			children = (
				DEE8A86F1CB2950D009E6AC1 /* Sidebar */,
				DEE8A86E1CB294FA009E6AC1 /* Contents */,
				DEE8A8401CB13BD6009E6AC1 /* AppDelegate.swift */,
				DEE8A8421CB13BD6009E6AC1 /* ViewController.swift */,
				DEE8A8441CB13BD6009E6AC1 /* Main.storyboard */,
				DEE8A8471CB13BD6009E6AC1 /* Assets.xcassets */,
				DEE8A8491CB13BD6009E6AC1 /* LaunchScreen.storyboard */,
				DEE8A84C1CB13BD6009E6AC1 /* Info.plist */,
			);
			path = ContainerViewSample;
			sourceTree = "<group>";
		};
		DEE8A8541CB13BD7009E6AC1 /* ContainerViewSampleTests */ = {
			isa = PBXGroup;
			children = (
				DEE8A8551CB13BD7009E6AC1 /* ContainerViewSampleTests.swift */,
				DEE8A8571CB13BD7009E6AC1 /* Info.plist */,
			);
			path = ContainerViewSampleTests;
			sourceTree = "<group>";
		};
		DEE8A85F1CB13BD7009E6AC1 /* ContainerViewSampleUITests */ = {
			isa = PBXGroup;
			children = (
				DEE8A8601CB13BD7009E6AC1 /* ContainerViewSampleUITests.swift */,
				DEE8A8621CB13BD7009E6AC1 /* Info.plist */,
			);
			path = ContainerViewSampleUITests;
			sourceTree = "<group>";
		};
		DEE8A86E1CB294FA009E6AC1 /* Contents */ = {
			isa = PBXGroup;
			children = (
				DEE8A8721CB2956E009E6AC1 /* BaseContentsController.swift */,
				DEE8A8741CB295BC009E6AC1 /* FirstContentsController.swift */,
				DEE8A8761CB295D5009E6AC1 /* SecondContentsController.swift */,
				DEE8A8781CB295EB009E6AC1 /* ThirdContentsController.swift */,
				DEE8A87B1CB29607009E6AC1 /* FourthContentsController.swift */,
				DEE8A87D1CB2962C009E6AC1 /* FifthContentsController.swift */,
				DEE8A87F1CB2963C009E6AC1 /* SixthContentsController.swift */,
			);
			name = Contents;
			sourceTree = "<group>";
		};
		DEE8A86F1CB2950D009E6AC1 /* Sidebar */ = {
			isa = PBXGroup;
			children = (
				DEE8A8701CB29532009E6AC1 /* SidebarController.swift */,
			);
			name = Sidebar;
			sourceTree = "<group>";
		};
/* End PBXGroup section */

/* Begin PBXNativeTarget section */
		DEE8A83C1CB13BD6009E6AC1 /* ContainerViewSample */ = {
			isa = PBXNativeTarget;
			buildConfigurationList = DEE8A8651CB13BD7009E6AC1 /* Build configuration list for PBXNativeTarget "ContainerViewSample" */;
			buildPhases = (
				DEE8A8391CB13BD6009E6AC1 /* Sources */,
				DEE8A83A1CB13BD6009E6AC1 /* Frameworks */,
				DEE8A83B1CB13BD6009E6AC1 /* Resources */,
			);
			buildRules = (
			);
			dependencies = (
			);
			name = ContainerViewSample;
			productName = ContainerViewSample;
			productReference = DEE8A83D1CB13BD6009E6AC1 /* ContainerViewSample.app */;
			productType = "com.apple.product-type.application";
		};
		DEE8A8501CB13BD7009E6AC1 /* ContainerViewSampleTests */ = {
			isa = PBXNativeTarget;
			buildConfigurationList = DEE8A8681CB13BD7009E6AC1 /* Build configuration list for PBXNativeTarget "ContainerViewSampleTests" */;
			buildPhases = (
				DEE8A84D1CB13BD7009E6AC1 /* Sources */,
				DEE8A84E1CB13BD7009E6AC1 /* Frameworks */,
				DEE8A84F1CB13BD7009E6AC1 /* Resources */,
			);
			buildRules = (
			);
			dependencies = (
				DEE8A8531CB13BD7009E6AC1 /* PBXTargetDependency */,
			);
			name = ContainerViewSampleTests;
			productName = ContainerViewSampleTests;
			productReference = DEE8A8511CB13BD7009E6AC1 /* ContainerViewSampleTests.xctest */;
			productType = "com.apple.product-type.bundle.unit-test";
		};
		DEE8A85B1CB13BD7009E6AC1 /* ContainerViewSampleUITests */ = {
			isa = PBXNativeTarget;
			buildConfigurationList = DEE8A86B1CB13BD7009E6AC1 /* Build configuration list for PBXNativeTarget "ContainerViewSampleUITests" */;
			buildPhases = (
				DEE8A8581CB13BD7009E6AC1 /* Sources */,
				DEE8A8591CB13BD7009E6AC1 /* Frameworks */,
				DEE8A85A1CB13BD7009E6AC1 /* Resources */,
			);
			buildRules = (
			);
			dependencies = (
				DEE8A85E1CB13BD7009E6AC1 /* PBXTargetDependency */,
			);
			name = ContainerViewSampleUITests;
			productName = ContainerViewSampleUITests;
			productReference = DEE8A85C1CB13BD7009E6AC1 /* ContainerViewSampleUITests.xctest */;
			productType = "com.apple.product-type.bundle.ui-testing";
		};
/* End PBXNativeTarget section */

/* Begin PBXProject section */
		DEE8A8351CB13BD6009E6AC1 /* Project object */ = {
			isa = PBXProject;
			attributes = {
				LastSwiftUpdateCheck = 0730;
				LastUpgradeCheck = 0730;
				ORGANIZATIONNAME = just1factory;
				TargetAttributes = {
					DEE8A83C1CB13BD6009E6AC1 = {
						CreatedOnToolsVersion = 7.3;
						DevelopmentTeam = S5BF5553KY;
						LastSwiftMigration = 0830;
					};
					DEE8A8501CB13BD7009E6AC1 = {
						CreatedOnToolsVersion = 7.3;
						LastSwiftMigration = 0830;
						TestTargetID = DEE8A83C1CB13BD6009E6AC1;
					};
					DEE8A85B1CB13BD7009E6AC1 = {
						CreatedOnToolsVersion = 7.3;
						LastSwiftMigration = 0830;
						TestTargetID = DEE8A83C1CB13BD6009E6AC1;
					};
				};
			};
			buildConfigurationList = DEE8A8381CB13BD6009E6AC1 /* Build configuration list for PBXProject "ContainerViewSample" */;
			compatibilityVersion = "Xcode 3.2";
			developmentRegion = English;
			hasScannedForEncodings = 0;
			knownRegions = (
				en,
				Base,
			);
			mainGroup = DEE8A8341CB13BD6009E6AC1;
			productRefGroup = DEE8A83E1CB13BD6009E6AC1 /* Products */;
			projectDirPath = "";
			projectRoot = "";
			targets = (
				DEE8A83C1CB13BD6009E6AC1 /* ContainerViewSample */,
				DEE8A8501CB13BD7009E6AC1 /* ContainerViewSampleTests */,
				DEE8A85B1CB13BD7009E6AC1 /* ContainerViewSampleUITests */,
			);
		};
/* End PBXProject section */

/* Begin PBXResourcesBuildPhase section */
		DEE8A83B1CB13BD6009E6AC1 /* Resources */ = {
			isa = PBXResourcesBuildPhase;
			buildActionMask = 2147483647;
			files = (
				DEE8A84B1CB13BD6009E6AC1 /* LaunchScreen.storyboard in Resources */,
				DEE8A8481CB13BD6009E6AC1 /* Assets.xcassets in Resources */,
				DEE8A8461CB13BD6009E6AC1 /* Main.storyboard in Resources */,
			);
			runOnlyForDeploymentPostprocessing = 0;
		};
		DEE8A84F1CB13BD7009E6AC1 /* Resources */ = {
			isa = PBXResourcesBuildPhase;
			buildActionMask = 2147483647;
			files = (
			);
			runOnlyForDeploymentPostprocessing = 0;
		};
		DEE8A85A1CB13BD7009E6AC1 /* Resources */ = {
			isa = PBXResourcesBuildPhase;
			buildActionMask = 2147483647;
			files = (
			);
			runOnlyForDeploymentPostprocessing = 0;
		};
/* End PBXResourcesBuildPhase section */

/* Begin PBXSourcesBuildPhase section */
		DEE8A8391CB13BD6009E6AC1 /* Sources */ = {
			isa = PBXSourcesBuildPhase;
			buildActionMask = 2147483647;
			files = (
				DEE8A8731CB2956E009E6AC1 /* BaseContentsController.swift in Sources */,
				DEE8A8771CB295D5009E6AC1 /* SecondContentsController.swift in Sources */,
				DEE8A8791CB295EB009E6AC1 /* ThirdContentsController.swift in Sources */,
				DEE8A87C1CB29607009E6AC1 /* FourthContentsController.swift in Sources */,
				DEE8A8431CB13BD6009E6AC1 /* ViewController.swift in Sources */,
				DEE8A8751CB295BC009E6AC1 /* FirstContentsController.swift in Sources */,
				DEE8A8801CB2963C009E6AC1 /* SixthContentsController.swift in Sources */,
				DEE8A87E1CB2962C009E6AC1 /* FifthContentsController.swift in Sources */,
				DEE8A8711CB29532009E6AC1 /* SidebarController.swift in Sources */,
				DEE8A8411CB13BD6009E6AC1 /* AppDelegate.swift in Sources */,
			);
			runOnlyForDeploymentPostprocessing = 0;
		};
		DEE8A84D1CB13BD7009E6AC1 /* Sources */ = {
			isa = PBXSourcesBuildPhase;
			buildActionMask = 2147483647;
			files = (
				DEE8A8561CB13BD7009E6AC1 /* ContainerViewSampleTests.swift in Sources */,
			);
			runOnlyForDeploymentPostprocessing = 0;
		};
		DEE8A8581CB13BD7009E6AC1 /* Sources */ = {
			isa = PBXSourcesBuildPhase;
			buildActionMask = 2147483647;
			files = (
				DEE8A8611CB13BD7009E6AC1 /* ContainerViewSampleUITests.swift in Sources */,
			);
			runOnlyForDeploymentPostprocessing = 0;
		};
/* End PBXSourcesBuildPhase section */

/* Begin PBXTargetDependency section */
		DEE8A8531CB13BD7009E6AC1 /* PBXTargetDependency */ = {
			isa = PBXTargetDependency;
			target = DEE8A83C1CB13BD6009E6AC1 /* ContainerViewSample */;
			targetProxy = DEE8A8521CB13BD7009E6AC1 /* PBXContainerItemProxy */;
		};
		DEE8A85E1CB13BD7009E6AC1 /* PBXTargetDependency */ = {
			isa = PBXTargetDependency;
			target = DEE8A83C1CB13BD6009E6AC1 /* ContainerViewSample */;
			targetProxy = DEE8A85D1CB13BD7009E6AC1 /* PBXContainerItemProxy */;
		};
/* End PBXTargetDependency section */

/* Begin PBXVariantGroup section */
		DEE8A8441CB13BD6009E6AC1 /* Main.storyboard */ = {
			isa = PBXVariantGroup;
			children = (
				DEE8A8451CB13BD6009E6AC1 /* Base */,
			);
			name = Main.storyboard;
			sourceTree = "<group>";
		};
		DEE8A8491CB13BD6009E6AC1 /* LaunchScreen.storyboard */ = {
			isa = PBXVariantGroup;
			children = (
				DEE8A84A1CB13BD6009E6AC1 /* Base */,
			);
			name = LaunchScreen.storyboard;
			sourceTree = "<group>";
		};
/* End PBXVariantGroup section */

/* Begin XCBuildConfiguration section */
		DEE8A8631CB13BD7009E6AC1 /* Debug */ = {
			isa = XCBuildConfiguration;
			buildSettings = {
				ALWAYS_SEARCH_USER_PATHS = NO;
				CLANG_ANALYZER_NONNULL = YES;
				CLANG_CXX_LANGUAGE_STANDARD = "gnu++0x";
				CLANG_CXX_LIBRARY = "libc++";
				CLANG_ENABLE_MODULES = YES;
				CLANG_ENABLE_OBJC_ARC = YES;
				CLANG_WARN_BOOL_CONVERSION = YES;
				CLANG_WARN_CONSTANT_CONVERSION = YES;
				CLANG_WARN_DIRECT_OBJC_ISA_USAGE = YES_ERROR;
				CLANG_WARN_EMPTY_BODY = YES;
				CLANG_WARN_ENUM_CONVERSION = YES;
				CLANG_WARN_INT_CONVERSION = YES;
				CLANG_WARN_OBJC_ROOT_CLASS = YES_ERROR;
				CLANG_WARN_UNREACHABLE_CODE = YES;
				CLANG_WARN__DUPLICATE_METHOD_MATCH = YES;
				"CODE_SIGN_IDENTITY[sdk=iphoneos*]" = "iPhone Developer";
				COPY_PHASE_STRIP = NO;
				DEBUG_INFORMATION_FORMAT = dwarf;
				ENABLE_STRICT_OBJC_MSGSEND = YES;
				ENABLE_TESTABILITY = YES;
				GCC_C_LANGUAGE_STANDARD = gnu99;
				GCC_DYNAMIC_NO_PIC = NO;
				GCC_NO_COMMON_BLOCKS = YES;
				GCC_OPTIMIZATION_LEVEL = 0;
				GCC_PREPROCESSOR_DEFINITIONS = (
					"DEBUG=1",
					"$(inherited)",
				);
				GCC_WARN_64_TO_32_BIT_CONVERSION = YES;
				GCC_WARN_ABOUT_RETURN_TYPE = YES_ERROR;
				GCC_WARN_UNDECLARED_SELECTOR = YES;
				GCC_WARN_UNINITIALIZED_AUTOS = YES_AGGRESSIVE;
				GCC_WARN_UNUSED_FUNCTION = YES;
				GCC_WARN_UNUSED_VARIABLE = YES;
				IPHONEOS_DEPLOYMENT_TARGET = 9.3;
				MTL_ENABLE_DEBUG_INFO = YES;
				ONLY_ACTIVE_ARCH = YES;
				SDKROOT = iphoneos;
				SWIFT_OPTIMIZATION_LEVEL = "-Onone";
			};
			name = Debug;
		};
		DEE8A8641CB13BD7009E6AC1 /* Release */ = {
			isa = XCBuildConfiguration;
			buildSettings = {
				ALWAYS_SEARCH_USER_PATHS = NO;
				CLANG_ANALYZER_NONNULL = YES;
				CLANG_CXX_LANGUAGE_STANDARD = "gnu++0x";
				CLANG_CXX_LIBRARY = "libc++";
				CLANG_ENABLE_MODULES = YES;
				CLANG_ENABLE_OBJC_ARC = YES;
				CLANG_WARN_BOOL_CONVERSION = YES;
				CLANG_WARN_CONSTANT_CONVERSION = YES;
				CLANG_WARN_DIRECT_OBJC_ISA_USAGE = YES_ERROR;
				CLANG_WARN_EMPTY_BODY = YES;
				CLANG_WARN_ENUM_CONVERSION = YES;
				CLANG_WARN_INT_CONVERSION = YES;
				CLANG_WARN_OBJC_ROOT_CLASS = YES_ERROR;
				CLANG_WARN_UNREACHABLE_CODE = YES;
				CLANG_WARN__DUPLICATE_METHOD_MATCH = YES;
				"CODE_SIGN_IDENTITY[sdk=iphoneos*]" = "iPhone Developer";
				COPY_PHASE_STRIP = NO;
				DEBUG_INFORMATION_FORMAT = "dwarf-with-dsym";
				ENABLE_NS_ASSERTIONS = NO;
				ENABLE_STRICT_OBJC_MSGSEND = YES;
				GCC_C_LANGUAGE_STANDARD = gnu99;
				GCC_NO_COMMON_BLOCKS = YES;
				GCC_WARN_64_TO_32_BIT_CONVERSION = YES;
				GCC_WARN_ABOUT_RETURN_TYPE = YES_ERROR;
				GCC_WARN_UNDECLARED_SELECTOR = YES;
				GCC_WARN_UNINITIALIZED_AUTOS = YES_AGGRESSIVE;
				GCC_WARN_UNUSED_FUNCTION = YES;
				GCC_WARN_UNUSED_VARIABLE = YES;
				IPHONEOS_DEPLOYMENT_TARGET = 9.3;
				MTL_ENABLE_DEBUG_INFO = NO;
				SDKROOT = iphoneos;
				VALIDATE_PRODUCT = YES;
			};
			name = Release;
		};
		DEE8A8661CB13BD7009E6AC1 /* Debug */ = {
			isa = XCBuildConfiguration;
			buildSettings = {
				ASSETCATALOG_COMPILER_APPICON_NAME = AppIcon;
				DEVELOPMENT_TEAM = S5BF5553KY;
				INFOPLIST_FILE = ContainerViewSample/Info.plist;
				LD_RUNPATH_SEARCH_PATHS = "$(inherited) @executable_path/Frameworks";
				PRODUCT_BUNDLE_IDENTIFIER = net.just1factory.ContainerViewSample;
				PRODUCT_NAME = "$(TARGET_NAME)";
				SWIFT_VERSION = 3.0;
			};
			name = Debug;
		};
		DEE8A8671CB13BD7009E6AC1 /* Release */ = {
			isa = XCBuildConfiguration;
			buildSettings = {
				ASSETCATALOG_COMPILER_APPICON_NAME = AppIcon;
				DEVELOPMENT_TEAM = S5BF5553KY;
				INFOPLIST_FILE = ContainerViewSample/Info.plist;
				LD_RUNPATH_SEARCH_PATHS = "$(inherited) @executable_path/Frameworks";
				PRODUCT_BUNDLE_IDENTIFIER = net.just1factory.ContainerViewSample;
				PRODUCT_NAME = "$(TARGET_NAME)";
				SWIFT_VERSION = 3.0;
			};
			name = Release;
		};
		DEE8A8691CB13BD7009E6AC1 /* Debug */ = {
			isa = XCBuildConfiguration;
			buildSettings = {
				BUNDLE_LOADER = "$(TEST_HOST)";
				INFOPLIST_FILE = ContainerViewSampleTests/Info.plist;
				LD_RUNPATH_SEARCH_PATHS = "$(inherited) @executable_path/Frameworks @loader_path/Frameworks";
				PRODUCT_BUNDLE_IDENTIFIER = net.just1factory.ContainerViewSampleTests;
				PRODUCT_NAME = "$(TARGET_NAME)";
				SWIFT_VERSION = 3.0;
				TEST_HOST = "$(BUILT_PRODUCTS_DIR)/ContainerViewSample.app/ContainerViewSample";
			};
			name = Debug;
		};
		DEE8A86A1CB13BD7009E6AC1 /* Release */ = {
			isa = XCBuildConfiguration;
			buildSettings = {
				BUNDLE_LOADER = "$(TEST_HOST)";
				INFOPLIST_FILE = ContainerViewSampleTests/Info.plist;
				LD_RUNPATH_SEARCH_PATHS = "$(inherited) @executable_path/Frameworks @loader_path/Frameworks";
				PRODUCT_BUNDLE_IDENTIFIER = net.just1factory.ContainerViewSampleTests;
				PRODUCT_NAME = "$(TARGET_NAME)";
				SWIFT_VERSION = 3.0;
				TEST_HOST = "$(BUILT_PRODUCTS_DIR)/ContainerViewSample.app/ContainerViewSample";
			};
			name = Release;
		};
		DEE8A86C1CB13BD7009E6AC1 /* Debug */ = {
			isa = XCBuildConfiguration;
			buildSettings = {
				INFOPLIST_FILE = ContainerViewSampleUITests/Info.plist;
				LD_RUNPATH_SEARCH_PATHS = "$(inherited) @executable_path/Frameworks @loader_path/Frameworks";
				PRODUCT_BUNDLE_IDENTIFIER = net.just1factory.ContainerViewSampleUITests;
				PRODUCT_NAME = "$(TARGET_NAME)";
				SWIFT_VERSION = 3.0;
				TEST_TARGET_NAME = ContainerViewSample;
			};
			name = Debug;
		};
		DEE8A86D1CB13BD7009E6AC1 /* Release */ = {
			isa = XCBuildConfiguration;
			buildSettings = {
				INFOPLIST_FILE = ContainerViewSampleUITests/Info.plist;
				LD_RUNPATH_SEARCH_PATHS = "$(inherited) @executable_path/Frameworks @loader_path/Frameworks";
				PRODUCT_BUNDLE_IDENTIFIER = net.just1factory.ContainerViewSampleUITests;
				PRODUCT_NAME = "$(TARGET_NAME)";
				SWIFT_VERSION = 3.0;
				TEST_TARGET_NAME = ContainerViewSample;
			};
			name = Release;
		};
/* End XCBuildConfiguration section */

/* Begin XCConfigurationList section */
		DEE8A8381CB13BD6009E6AC1 /* Build configuration list for PBXProject "ContainerViewSample" */ = {
			isa = XCConfigurationList;
			buildConfigurations = (
				DEE8A8631CB13BD7009E6AC1 /* Debug */,
				DEE8A8641CB13BD7009E6AC1 /* Release */,
			);
			defaultConfigurationIsVisible = 0;
			defaultConfigurationName = Release;
		};
		DEE8A8651CB13BD7009E6AC1 /* Build configuration list for PBXNativeTarget "ContainerViewSample" */ = {
			isa = XCConfigurationList;
			buildConfigurations = (
				DEE8A8661CB13BD7009E6AC1 /* Debug */,
				DEE8A8671CB13BD7009E6AC1 /* Release */,
			);
			defaultConfigurationIsVisible = 0;
			defaultConfigurationName = Release;
		};
		DEE8A8681CB13BD7009E6AC1 /* Build configuration list for PBXNativeTarget "ContainerViewSampleTests" */ = {
			isa = XCConfigurationList;
			buildConfigurations = (
				DEE8A8691CB13BD7009E6AC1 /* Debug */,
				DEE8A86A1CB13BD7009E6AC1 /* Release */,
			);
			defaultConfigurationIsVisible = 0;
			defaultConfigurationName = Release;
		};
		DEE8A86B1CB13BD7009E6AC1 /* Build configuration list for PBXNativeTarget "ContainerViewSampleUITests" */ = {
			isa = XCConfigurationList;
			buildConfigurations = (
				DEE8A86C1CB13BD7009E6AC1 /* Debug */,
				DEE8A86D1CB13BD7009E6AC1 /* Release */,
			);
			defaultConfigurationIsVisible = 0;
			defaultConfigurationName = Release;
		};
/* End XCConfigurationList section */
	};
	rootObject = DEE8A8351CB13BD6009E6AC1 /* Project object */;
}
